
Microsoft Visual Studio Solution File, Format Version 11.00
# Visual Studio 2010
Project("{FAE04EC0-301F-11D3-BF4B-00C04F79EFBC}") = "ATM_Experimenting (1)", "Assembly-CSharp.csproj", "{8B0EF28A-6126-1AC8-B7E8-0329DA80A782}"
EndProject
Project("{FAE04EC0-301F-11D3-BF4B-00C04F79EFBC}") = "ATM_Experimenting (1)", "Assembly-CSharp-Editor.csproj", "{702F465C-DF51-F998-4152-5F36E5ABC034}"
EndProject
Global
	GlobalSection(SolutionConfigurationPlatforms) = preSolution
		Debug|Any CPU = Debug|Any CPU
		Release|Any CPU = Release|Any CPU
	EndGlobalSection
	GlobalSection(ProjectConfigurationPlatforms) = postSolution
		{8B0EF28A-6126-1AC8-B7E8-0329DA80A782}.Debug|Any CPU.ActiveCfg = Debug|Any CPU
		{8B0EF28A-6126-1AC8-B7E8-0329DA80A782}.Debug|Any CPU.Build.0 = Debug|Any CPU
		{8B0EF28A-6126-1AC8-B7E8-0329DA80A782}.Release|Any CPU.ActiveCfg = Release|Any CPU
		{8B0EF28A-6126-1AC8-B7E8-0329DA80A782}.Release|Any CPU.Build.0 = Release|Any CPU
		{702F465C-DF51-F998-4152-5F36E5ABC034}.Debug|Any CPU.ActiveCfg = Debug|Any CPU
		{702F465C-DF51-F998-4152-5F36E5ABC034}.Debug|Any CPU.Build.0 = Debug|Any CPU
		{702F465C-DF51-F998-4152-5F36E5ABC034}.Release|Any CPU.ActiveCfg = Release|Any CPU
		{702F465C-DF51-F998-4152-5F36E5ABC034}.Release|Any CPU.Build.0 = Release|Any CPU
	EndGlobalSection
	GlobalSection(SolutionProperties) = preSolution
		HideSolutionNode = FALSE
	EndGlobalSection
	GlobalSection(MonoDevelopProperties) = preSolution
		StartupItem = Assembly-CSharp.csproj
	EndGlobalSection
EndGlobal
